
Microsoft Visual Studio Solution File, Format Version 12.00
# Visual Studio Version 17
VisualStudioVersion = 17.2.32616.157
MinimumVisualStudioVersion = 10.0.40219.1
Project("{9A19103F-16F7-4668-BE54-9A1E7A4F7556}") = "LgpSampleApi", "LgpSampleApi\LgpSampleApi.csproj", "{896CCFDD-C3B0-4688-8502-160CDECD30A6}"
EndProject
Project("{9A19103F-16F7-4668-BE54-9A1E7A4F7556}") = "TestSampleApi", "TestSampleApi\TestSampleApi.csproj", "{614D9498-7C3D-4821-8377-76C795953E23}"
EndProject
Project("{54A90642-561A-4BB1-A94E-469ADEE60C69}") = "LgpSampleFrontEnd", "LgpSampleFrontEnd\LgpSampleFrontEnd.esproj", "{AFDCAD9A-E244-4D1B-86F5-32BD13368035}"
EndProject
Global
	GlobalSection(SolutionConfigurationPlatforms) = preSolution
		Debug|Any CPU = Debug|Any CPU
		Release|Any CPU = Release|Any CPU
	EndGlobalSection
	GlobalSection(ProjectConfigurationPlatforms) = postSolution
		{896CCFDD-C3B0-4688-8502-160CDECD30A6}.Debug|Any CPU.ActiveCfg = Debug|Any CPU
		{896CCFDD-C3B0-4688-8502-160CDECD30A6}.Debug|Any CPU.Build.0 = Debug|Any CPU
		{896CCFDD-C3B0-4688-8502-160CDECD30A6}.Release|Any CPU.ActiveCfg = Release|Any CPU
		{896CCFDD-C3B0-4688-8502-160CDECD30A6}.Release|Any CPU.Build.0 = Release|Any CPU
		{614D9498-7C3D-4821-8377-76C795953E23}.Debug|Any CPU.ActiveCfg = Debug|Any CPU
		{614D9498-7C3D-4821-8377-76C795953E23}.Debug|Any CPU.Build.0 = Debug|Any CPU
		{614D9498-7C3D-4821-8377-76C795953E23}.Release|Any CPU.ActiveCfg = Release|Any CPU
		{614D9498-7C3D-4821-8377-76C795953E23}.Release|Any CPU.Build.0 = Release|Any CPU
		{AFDCAD9A-E244-4D1B-86F5-32BD13368035}.Debug|Any CPU.ActiveCfg = Debug|Any CPU
		{AFDCAD9A-E244-4D1B-86F5-32BD13368035}.Debug|Any CPU.Build.0 = Debug|Any CPU
		{AFDCAD9A-E244-4D1B-86F5-32BD13368035}.Debug|Any CPU.Deploy.0 = Debug|Any CPU
		{AFDCAD9A-E244-4D1B-86F5-32BD13368035}.Release|Any CPU.ActiveCfg = Release|Any CPU
		{AFDCAD9A-E244-4D1B-86F5-32BD13368035}.Release|Any CPU.Build.0 = Release|Any CPU
		{AFDCAD9A-E244-4D1B-86F5-32BD13368035}.Release|Any CPU.Deploy.0 = Release|Any CPU
	EndGlobalSection
	GlobalSection(SolutionProperties) = preSolution
		HideSolutionNode = FALSE
	EndGlobalSection
	GlobalSection(ExtensibilityGlobals) = postSolution
		SolutionGuid = {9D0FA179-4D2B-4575-9862-548EE081D29E}
	EndGlobalSection
EndGlobal
