
Microsoft Visual Studio Solution File, Format Version 12.00
# Visual Studio Version 17
VisualStudioVersion = 17.2.32616.157
MinimumVisualStudioVersion = 10.0.40219.1
Project("{FAE04EC0-301F-11D3-BF4B-00C04F79EFBC}") = "LgpSampleApi", "LgpSampleApi\LgpSampleApi.csproj", "{896CCFDD-C3B0-4688-8502-160CDECD30A6}"
EndProject
Global
	GlobalSection(SolutionConfigurationPlatforms) = preSolution
		Debug|Any CPU = Debug|Any CPU
		Release|Any CPU = Release|Any CPU
	EndGlobalSection
	GlobalSection(ProjectConfigurationPlatforms) = postSolution
		{896CCFDD-C3B0-4688-8502-160CDECD30A6}.Debug|Any CPU.ActiveCfg = Debug|Any CPU
		{896CCFDD-C3B0-4688-8502-160CDECD30A6}.Debug|Any CPU.Build.0 = Debug|Any CPU
		{896CCFDD-C3B0-4688-8502-160CDECD30A6}.Release|Any CPU.ActiveCfg = Release|Any CPU
		{896CCFDD-C3B0-4688-8502-160CDECD30A6}.Release|Any CPU.Build.0 = Release|Any CPU
	EndGlobalSection
	GlobalSection(SolutionProperties) = preSolution
		HideSolutionNode = FALSE
	EndGlobalSection
	GlobalSection(ExtensibilityGlobals) = postSolution
		SolutionGuid = {9D0FA179-4D2B-4575-9862-548EE081D29E}
	EndGlobalSection
EndGlobal
